PODS:
  - Flutter (1.0.0)
  - learnflutter (0.0.1):
    - Flutter

DEPENDENCIES:
  - Flutter (from `Flutter`)
  - learnflutter (from `.symlinks/plugins/learnflutter/ios`)

EXTERNAL SOURCES:
  Flutter:
    :path: Flutter
  learnflutter:
    :path: ".symlinks/plugins/learnflutter/ios"

SPEC CHECKSUMS:
  Flutter: 50d75fe2f02b26cc09d224853bb45737f8b3214a
  learnflutter: f13959020636abea106cc59f61272508b904831c

PODFILE CHECKSUM: c261d2d46de9423f710ca304b17c586ef772d8b8

COCOAPODS: 1.10.1
